
Microsoft Visual Studio Solution File, Format Version 12.00
# Visual Studio Version 17
VisualStudioVersion = 17.9.34714.143
MinimumVisualStudioVersion = 10.0.40219.1
Project("{9A19103F-16F7-4668-BE54-9A1E7A4F7556}") = "APIUsers", "APIUsers\APIUsers.csproj", "{D1685FB6-19AE-4D33-A566-A85BA1876EDE}"
EndProject
Project("{9A19103F-16F7-4668-BE54-9A1E7A4F7556}") = "APIProducts", "APIProducts\APIProducts.csproj", "{94E151D0-E8FC-4A32-8F0C-BD2B330F1803}"
EndProject
Project("{9A19103F-16F7-4668-BE54-9A1E7A4F7556}") = "APIOrders", "APIOrders\APIOrders.csproj", "{DE681562-A76F-4AE1-AC85-411E9ED765AB}"
EndProject
Project("{9A19103F-16F7-4668-BE54-9A1E7A4F7556}") = "Core.Domain", "Core.Domain\Core.Domain.csproj", "{428BAA5B-CB05-43BB-99F0-C68D2F40BF20}"
EndProject
Project("{9A19103F-16F7-4668-BE54-9A1E7A4F7556}") = "VirtualMeetingAdmin", "VirtualMeetingAdmin\VirtualMeetingAdmin.csproj", "{094DD4F2-D3ED-4C6B-A7AB-47A09F6F916D}"
EndProject
Project("{FAE04EC0-301F-11D3-BF4B-00C04F79EFBC}") = "VMUserAuth", "VMUserAuth\VMUserAuth.csproj", "{131F6D18-DB77-4E69-AE46-CB6C5CA82827}"
EndProject
Global
	GlobalSection(SolutionConfigurationPlatforms) = preSolution
		Debug|Any CPU = Debug|Any CPU
		Release|Any CPU = Release|Any CPU
	EndGlobalSection
	GlobalSection(ProjectConfigurationPlatforms) = postSolution
		{D1685FB6-19AE-4D33-A566-A85BA1876EDE}.Debug|Any CPU.ActiveCfg = Debug|Any CPU
		{D1685FB6-19AE-4D33-A566-A85BA1876EDE}.Debug|Any CPU.Build.0 = Debug|Any CPU
		{D1685FB6-19AE-4D33-A566-A85BA1876EDE}.Release|Any CPU.ActiveCfg = Release|Any CPU
		{D1685FB6-19AE-4D33-A566-A85BA1876EDE}.Release|Any CPU.Build.0 = Release|Any CPU
		{94E151D0-E8FC-4A32-8F0C-BD2B330F1803}.Debug|Any CPU.ActiveCfg = Debug|Any CPU
		{94E151D0-E8FC-4A32-8F0C-BD2B330F1803}.Debug|Any CPU.Build.0 = Debug|Any CPU
		{94E151D0-E8FC-4A32-8F0C-BD2B330F1803}.Release|Any CPU.ActiveCfg = Release|Any CPU
		{94E151D0-E8FC-4A32-8F0C-BD2B330F1803}.Release|Any CPU.Build.0 = Release|Any CPU
		{DE681562-A76F-4AE1-AC85-411E9ED765AB}.Debug|Any CPU.ActiveCfg = Debug|Any CPU
		{DE681562-A76F-4AE1-AC85-411E9ED765AB}.Debug|Any CPU.Build.0 = Debug|Any CPU
		{DE681562-A76F-4AE1-AC85-411E9ED765AB}.Release|Any CPU.ActiveCfg = Release|Any CPU
		{DE681562-A76F-4AE1-AC85-411E9ED765AB}.Release|Any CPU.Build.0 = Release|Any CPU
		{428BAA5B-CB05-43BB-99F0-C68D2F40BF20}.Debug|Any CPU.ActiveCfg = Debug|Any CPU
		{428BAA5B-CB05-43BB-99F0-C68D2F40BF20}.Debug|Any CPU.Build.0 = Debug|Any CPU
		{428BAA5B-CB05-43BB-99F0-C68D2F40BF20}.Release|Any CPU.ActiveCfg = Release|Any CPU
		{428BAA5B-CB05-43BB-99F0-C68D2F40BF20}.Release|Any CPU.Build.0 = Release|Any CPU
		{094DD4F2-D3ED-4C6B-A7AB-47A09F6F916D}.Debug|Any CPU.ActiveCfg = Debug|Any CPU
		{094DD4F2-D3ED-4C6B-A7AB-47A09F6F916D}.Debug|Any CPU.Build.0 = Debug|Any CPU
		{094DD4F2-D3ED-4C6B-A7AB-47A09F6F916D}.Release|Any CPU.ActiveCfg = Release|Any CPU
		{094DD4F2-D3ED-4C6B-A7AB-47A09F6F916D}.Release|Any CPU.Build.0 = Release|Any CPU
		{131F6D18-DB77-4E69-AE46-CB6C5CA82827}.Debug|Any CPU.ActiveCfg = Debug|Any CPU
		{131F6D18-DB77-4E69-AE46-CB6C5CA82827}.Debug|Any CPU.Build.0 = Debug|Any CPU
		{131F6D18-DB77-4E69-AE46-CB6C5CA82827}.Release|Any CPU.ActiveCfg = Release|Any CPU
		{131F6D18-DB77-4E69-AE46-CB6C5CA82827}.Release|Any CPU.Build.0 = Release|Any CPU
	EndGlobalSection
	GlobalSection(SolutionProperties) = preSolution
		HideSolutionNode = FALSE
	EndGlobalSection
	GlobalSection(ExtensibilityGlobals) = postSolution
		SolutionGuid = {6277D26A-866C-4914-8A6A-A1B3ACA53B1E}
	EndGlobalSection
EndGlobal
